
Microsoft Visual Studio Solution File, Format Version 12.00
# Visual Studio 14
VisualStudioVersion = 14.0.25420.1
MinimumVisualStudioVersion = 10.0.40219.1
Project("{FAE04EC0-301F-11D3-BF4B-00C04F79EFBC}") = "wf_Snake", "wf_Snake\wf_Snake.csproj", "{1458BD3C-D9DF-4967-947D-E48B68D5CB83}"
EndProject
Global
	GlobalSection(SolutionConfigurationPlatforms) = preSolution
		Debug|Any CPU = Debug|Any CPU
		Release|Any CPU = Release|Any CPU
	EndGlobalSection
	GlobalSection(ProjectConfigurationPlatforms) = postSolution
		{1458BD3C-D9DF-4967-947D-E48B68D5CB83}.Debug|Any CPU.ActiveCfg = Debug|Any CPU
		{1458BD3C-D9DF-4967-947D-E48B68D5CB83}.Debug|Any CPU.Build.0 = Debug|Any CPU
		{1458BD3C-D9DF-4967-947D-E48B68D5CB83}.Release|Any CPU.ActiveCfg = Release|Any CPU
		{1458BD3C-D9DF-4967-947D-E48B68D5CB83}.Release|Any CPU.Build.0 = Release|Any CPU
	EndGlobalSection
	GlobalSection(SolutionProperties) = preSolution
		HideSolutionNode = FALSE
	EndGlobalSection
EndGlobal
